
Microsoft Visual Studio Solution File, Format Version 12.00
# Visual Studio 15
VisualStudioVersion = 15.0.26730.15
MinimumVisualStudioVersion = 10.0.40219.1
Project("{FAE04EC0-301F-11D3-BF4B-00C04F79EFBC}") = "ZyronatorCore", "ZyronatorCore\ZyronatorCore.csproj", "{F214C62C-F354-4480-8BAE-1839F4CEF408}"
EndProject
Global
	GlobalSection(SolutionConfigurationPlatforms) = preSolution
		Debug|Any CPU = Debug|Any CPU
		Release|Any CPU = Release|Any CPU
	EndGlobalSection
	GlobalSection(ProjectConfigurationPlatforms) = postSolution
		{F214C62C-F354-4480-8BAE-1839F4CEF408}.Debug|Any CPU.ActiveCfg = Debug|Any CPU
		{F214C62C-F354-4480-8BAE-1839F4CEF408}.Debug|Any CPU.Build.0 = Debug|Any CPU
		{F214C62C-F354-4480-8BAE-1839F4CEF408}.Release|Any CPU.ActiveCfg = Release|Any CPU
		{F214C62C-F354-4480-8BAE-1839F4CEF408}.Release|Any CPU.Build.0 = Release|Any CPU
	EndGlobalSection
	GlobalSection(SolutionProperties) = preSolution
		HideSolutionNode = FALSE
	EndGlobalSection
	GlobalSection(ExtensibilityGlobals) = postSolution
		SolutionGuid = {66D74BD0-E875-4BE2-A3E3-9825CDA51239}
	EndGlobalSection
EndGlobal
